# THIS IS AN AUTOGENERATED FILE. DO NOT EDIT THIS FILE DIRECTLY.
# yarn lockfile v1


browserify-sha3@^0.0.1:
  version "0.0.1"
  resolved "https://registry.yarnpkg.com/browserify-sha3/-/browserify-sha3-0.0.1.tgz#3ff34a3006ef15c0fb3567e541b91a2340123d11"
  dependencies:
    js-sha3 "^0.3.1"

btoa@^1.1.2:
  version "1.1.2"
  resolved "https://registry.yarnpkg.com/btoa/-/btoa-1.1.2.tgz#3e40b81663f81d2dd6596a4cb714a8dc16cfabe0"

js-sha3@^0.3.1:
  version "0.3.1"
  resolved "https://registry.yarnpkg.com/js-sha3/-/js-sha3-0.3.1.tgz#86122802142f0828502a0d1dee1d95e253bb0243"

keccakjs@^0.2.1:
  version "0.2.1"
  resolved "https://registry.yarnpkg.com/keccakjs/-/keccakjs-0.2.1.tgz#1d633af907ef305bbf9f2fa616d56c44561dfa4d"
  dependencies:
    browserify-sha3 "^0.0.1"
    sha3 "^1.1.0"

nan@^2.0.5:
  version "2.7.0"
  resolved "https://registry.yarnpkg.com/nan/-/nan-2.7.0.tgz#d95bf721ec877e08db276ed3fc6eb78f9083ad46"

ramda@^0.24.1:
  version "0.24.1"
  resolved "https://registry.yarnpkg.com/ramda/-/ramda-0.24.1.tgz#c3b7755197f35b8dc3502228262c4c91ddb6b857"

sha3@^1.1.0:
  version "1.2.0"
  resolved "https://registry.yarnpkg.com/sha3/-/sha3-1.2.0.tgz#6989f1b70a498705876a373e2c62ace96aa9399a"
  dependencies:
    nan "^2.0.5"
